Microsoft Visual Studio Solution File, Format Version 12.00
# Visual Studio Version 17
VisualStudioVersion = 17.5.2.0
MinimumVisualStudioVersion = 10.0.40219.1
Project("{2150E333-8FDC-42A3-9474-1A3956D46DE8}") = "api", "api", "{D82C56D6-B2CD-F611-9E31-04638F7EC30E}"
EndProject
Project("{FAE04EC0-301F-11D3-BF4B-00C04F79EFBC}") = "CouncilAgendaApi", "api\CouncilAgendaApi.csproj", "{02445EB5-8F30-361B-A637-FB5B6D715DFF}"
EndProject
Project("{FAE04EC0-301F-11D3-BF4B-00C04F79EFBC}") = "CouncilAgendaApi.Tests", "api.tests\CouncilAgendaApi.Tests.csproj", "{E4E0A034-5406-4AB1-B74B-20C88FF0BD5A}"
EndProject
Global
	GlobalSection(SolutionConfigurationPlatforms) = preSolution
		Debug|Any CPU = Debug|Any CPU
		Release|Any CPU = Release|Any CPU
	EndGlobalSection
	GlobalSection(ProjectConfigurationPlatforms) = postSolution
		{02445EB5-8F30-361B-A637-FB5B6D715DFF}.Debug|Any CPU.ActiveCfg = Debug|Any CPU
		{02445EB5-8F30-361B-A637-FB5B6D715DFF}.Debug|Any CPU.Build.0 = Debug|Any CPU
		{02445EB5-8F30-361B-A637-FB5B6D715DFF}.Release|Any CPU.ActiveCfg = Release|Any CPU
		{02445EB5-8F30-361B-A637-FB5B6D715DFF}.Release|Any CPU.Build.0 = Release|Any CPU
		{E4E0A034-5406-4AB1-B74B-20C88FF0BD5A}.Debug|Any CPU.ActiveCfg = Debug|Any CPU
		{E4E0A034-5406-4AB1-B74B-20C88FF0BD5A}.Debug|Any CPU.Build.0 = Debug|Any CPU
		{E4E0A034-5406-4AB1-B74B-20C88FF0BD5A}.Release|Any CPU.ActiveCfg = Release|Any CPU
		{E4E0A034-5406-4AB1-B74B-20C88FF0BD5A}.Release|Any CPU.Build.0 = Release|Any CPU
	EndGlobalSection
	GlobalSection(SolutionProperties) = preSolution
		HideSolutionNode = FALSE
	EndGlobalSection
	GlobalSection(NestedProjects) = preSolution
		{02445EB5-8F30-361B-A637-FB5B6D715DFF} = {D82C56D6-B2CD-F611-9E31-04638F7EC30E}
	EndGlobalSection
	GlobalSection(ExtensibilityGlobals) = postSolution
		SolutionGuid = {F0B1D417-BC11-4B11-B6ED-93C97C2FCEBB}
	EndGlobalSection
EndGlobal
